
Microsoft Visual Studio Solution File, Format Version 12.00
# Visual Studio Version 17
VisualStudioVersion = 17.2.32526.322
MinimumVisualStudioVersion = 10.0.40219.1
Project("{9A19103F-16F7-4668-BE54-9A1E7A4F7556}") = "Search Insert Position", "Search Insert Position\Search Insert Position.csproj", "{3F17592F-4C83-45A2-AF19-3957238B0E04}"
EndProject
Project("{FAE04EC0-301F-11D3-BF4B-00C04F79EFBC}") = "Search Insert Position.Test", "Search Insert Position.Test\Search Insert Position.Test.csproj", "{914B6F1A-199A-426B-9ACD-23C39FF86045}"
EndProject
Global
	GlobalSection(SolutionConfigurationPlatforms) = preSolution
		Debug|Any CPU = Debug|Any CPU
		Release|Any CPU = Release|Any CPU
	EndGlobalSection
	GlobalSection(ProjectConfigurationPlatforms) = postSolution
		{3F17592F-4C83-45A2-AF19-3957238B0E04}.Debug|Any CPU.ActiveCfg = Debug|Any CPU
		{3F17592F-4C83-45A2-AF19-3957238B0E04}.Debug|Any CPU.Build.0 = Debug|Any CPU
		{3F17592F-4C83-45A2-AF19-3957238B0E04}.Release|Any CPU.ActiveCfg = Release|Any CPU
		{3F17592F-4C83-45A2-AF19-3957238B0E04}.Release|Any CPU.Build.0 = Release|Any CPU
		{914B6F1A-199A-426B-9ACD-23C39FF86045}.Debug|Any CPU.ActiveCfg = Debug|Any CPU
		{914B6F1A-199A-426B-9ACD-23C39FF86045}.Debug|Any CPU.Build.0 = Debug|Any CPU
		{914B6F1A-199A-426B-9ACD-23C39FF86045}.Release|Any CPU.ActiveCfg = Release|Any CPU
		{914B6F1A-199A-426B-9ACD-23C39FF86045}.Release|Any CPU.Build.0 = Release|Any CPU
	EndGlobalSection
	GlobalSection(SolutionProperties) = preSolution
		HideSolutionNode = FALSE
	EndGlobalSection
	GlobalSection(ExtensibilityGlobals) = postSolution
		SolutionGuid = {668B5038-A964-4720-A716-AB2ED3C63BB4}
	EndGlobalSection
EndGlobal
